
Microsoft Visual Studio Solution File, Format Version 12.00
# Visual Studio 15
VisualStudioVersion = 15.0.28010.2048
MinimumVisualStudioVersion = 10.0.40219.1
Project("{E24C65DC-7377-472B-9ABA-BC803B73C61A}") = "wk6_james_kobell_cs", "wk6_james_kobell_cs\", "{9AA66BF2-EF45-4FEA-9D83-88DEBBF2340E}"
	ProjectSection(WebsiteProperties) = preProject
		TargetFrameworkMoniker = ".NETFramework,Version%3Dv4.6.1"
		Debug.AspNetCompiler.VirtualPath = "/localhost_52238"
		Debug.AspNetCompiler.PhysicalPath = "wk6_james_kobell_cs\"
		Debug.AspNetCompiler.TargetPath = "PrecompiledWeb\localhost_52238\"
		Debug.AspNetCompiler.Updateable = "true"
		Debug.AspNetCompiler.ForceOverwrite = "true"
		Debug.AspNetCompiler.FixedNames = "false"
		Debug.AspNetCompiler.Debug = "True"
		Release.AspNetCompiler.VirtualPath = "/localhost_52238"
		Release.AspNetCompiler.PhysicalPath = "wk6_james_kobell_cs\"
		Release.AspNetCompiler.TargetPath = "PrecompiledWeb\localhost_52238\"
		Release.AspNetCompiler.Updateable = "true"
		Release.AspNetCompiler.ForceOverwrite = "true"
		Release.AspNetCompiler.FixedNames = "false"
		Release.AspNetCompiler.Debug = "False"
		VWDPort = "52238"
		SlnRelativePath = "wk6_james_kobell_cs\"
		DefaultWebSiteLanguage = "Visual C#"
	EndProjectSection
EndProject
Global
	GlobalSection(SolutionConfigurationPlatforms) = preSolution
		Debug|Any CPU = Debug|Any CPU
	EndGlobalSection
	GlobalSection(ProjectConfigurationPlatforms) = postSolution
		{9AA66BF2-EF45-4FEA-9D83-88DEBBF2340E}.Debug|Any CPU.ActiveCfg = Debug|Any CPU
		{9AA66BF2-EF45-4FEA-9D83-88DEBBF2340E}.Debug|Any CPU.Build.0 = Debug|Any CPU
	EndGlobalSection
	GlobalSection(SolutionProperties) = preSolution
		HideSolutionNode = FALSE
	EndGlobalSection
	GlobalSection(ExtensibilityGlobals) = postSolution
		SolutionGuid = {F35C7F95-2841-4544-929A-D7F90014FBCF}
	EndGlobalSection
EndGlobal
